// !$*UTF8*$!
{
	archiveVersion = 1;
	classes = {
	};
	objectVersion = 46;
	objects = {

/* Begin PBXBuildFile section */
		487AFEB719FAD79F005821D4 /* libSensus.a in Frameworks */ = {isa = PBXBuildFile; fileRef = 487AFEAB19FAD79F005821D4 /* libSensus.a */; };
		487AFECA19FAD82A005821D4 /* NSDictionary+Sensus.m in Sources */ = {isa = PBXBuildFile; fileRef = 487AFEC919FAD82A005821D4 /* NSDictionary+Sensus.m */; };
		487AFED019FADA04005821D4 /* SNSRoot.m in Sources */ = {isa = PBXBuildFile; fileRef = 487AFECF19FADA04005821D4 /* SNSRoot.m */; };
		487AFEDB19FB0057005821D4 /* SNSSensTyped_asIs.m in Sources */ = {isa = PBXBuildFile; fileRef = 487AFEDA19FB0057005821D4 /* SNSSensTyped_asIs.m */; };
		487AFEDE19FB0193005821D4 /* SNSSensImpl.m in Sources */ = {isa = PBXBuildFile; fileRef = 487AFEDD19FB0193005821D4 /* SNSSensImpl.m */; };
		487AFEE119FB035E005821D4 /* SNSSensTyped_asInteger.m in Sources */ = {isa = PBXBuildFile; fileRef = 487AFEE019FB035E005821D4 /* SNSSensTyped_asInteger.m */; };
		487AFEE419FB0372005821D4 /* SNSSensTyped_asFloat.m in Sources */ = {isa = PBXBuildFile; fileRef = 487AFEE319FB0372005821D4 /* SNSSensTyped_asFloat.m */; };
		487AFEE719FB037B005821D4 /* SNSSensTyped_asBool.m in Sources */ = {isa = PBXBuildFile; fileRef = 487AFEE619FB037B005821D4 /* SNSSensTyped_asBool.m */; };
		487AFEEA19FB0386005821D4 /* SNSSensTyped_asString.m in Sources */ = {isa = PBXBuildFile; fileRef = 487AFEE919FB0386005821D4 /* SNSSensTyped_asString.m */; };
		487AFEED19FB0390005821D4 /* SNSSensTyped_asDate.m in Sources */ = {isa = PBXBuildFile; fileRef = 487AFEEC19FB0390005821D4 /* SNSSensTyped_asDate.m */; };
		487AFEF019FB039B005821D4 /* SNSSensTyped_asArray.m in Sources */ = {isa = PBXBuildFile; fileRef = 487AFEEF19FB039B005821D4 /* SNSSensTyped_asArray.m */; };
		487AFEF319FB03A7005821D4 /* SNSSensTyped_asDictionary.m in Sources */ = {isa = PBXBuildFile; fileRef = 487AFEF219FB03A7005821D4 /* SNSSensTyped_asDictionary.m */; };
/* End PBXBuildFile section */

/* Begin PBXContainerItemProxy section */
		487AFEB819FAD79F005821D4 /* PBXContainerItemProxy */ = {
			isa = PBXContainerItemProxy;
			containerPortal = 487AFEA319FAD79F005821D4 /* Project object */;
			proxyType = 1;
			remoteGlobalIDString = 487AFEAA19FAD79F005821D4;
			remoteInfo = Sensus;
		};
/* End PBXContainerItemProxy section */

/* Begin PBXCopyFilesBuildPhase section */
		487AFEA919FAD79F005821D4 /* CopyFiles */ = {
			isa = PBXCopyFilesBuildPhase;
			buildActionMask = 2147483647;
			dstPath = "include/$(PRODUCT_NAME)";
			dstSubfolderSpec = 16;
			files = (
			);
			runOnlyForDeploymentPostprocessing = 0;
		};
/* End PBXCopyFilesBuildPhase section */

/* Begin PBXFileReference section */
		487AFEAB19FAD79F005821D4 /* libSensus.a */ = {isa = PBXFileReference; explicitFileType = archive.ar; includeInIndex = 0; path = libSensus.a; sourceTree = BUILT_PRODUCTS_DIR; };
		487AFEB619FAD79F005821D4 /* SensusTests.xctest */ = {isa = PBXFileReference; explicitFileType = wrapper.cfbundle; includeInIndex = 0; path = SensusTests.xctest; sourceTree = BUILT_PRODUCTS_DIR; };
		487AFEBC19FAD79F005821D4 /* Info.plist */ = {isa = PBXFileReference; lastKnownFileType = text.plist.xml; path = Info.plist; sourceTree = "<group>"; };
		487AFEC819FAD82A005821D4 /* NSDictionary+Sensus.h */ = {isa = PBXFileReference; fileEncoding = 4; lastKnownFileType = sourcecode.c.h; path = "NSDictionary+Sensus.h"; sourceTree = "<group>"; };
		487AFEC919FAD82A005821D4 /* NSDictionary+Sensus.m */ = {isa = PBXFileReference; fileEncoding = 4; lastKnownFileType = sourcecode.c.objc; path = "NSDictionary+Sensus.m"; sourceTree = "<group>"; };
		487AFECB19FAD8C9005821D4 /* SNSSens.h */ = {isa = PBXFileReference; fileEncoding = 4; lastKnownFileType = sourcecode.c.h; path = SNSSens.h; sourceTree = "<group>"; };
		487AFECE19FADA04005821D4 /* SNSRoot.h */ = {isa = PBXFileReference; fileEncoding = 4; lastKnownFileType = sourcecode.c.h; path = SNSRoot.h; sourceTree = "<group>"; };
		487AFECF19FADA04005821D4 /* SNSRoot.m */ = {isa = PBXFileReference; fileEncoding = 4; lastKnownFileType = sourcecode.c.objc; path = SNSRoot.m; sourceTree = "<group>"; };
		487AFED719FAE047005821D4 /* Sensus.h */ = {isa = PBXFileReference; lastKnownFileType = sourcecode.c.h; name = Sensus.h; path = Sensus/Sensus.h; sourceTree = "<group>"; };
		487AFED919FB0057005821D4 /* SNSSensTyped_asIs.h */ = {isa = PBXFileReference; fileEncoding = 4; lastKnownFileType = sourcecode.c.h; path = SNSSensTyped_asIs.h; sourceTree = "<group>"; };
		487AFEDA19FB0057005821D4 /* SNSSensTyped_asIs.m */ = {isa = PBXFileReference; fileEncoding = 4; lastKnownFileType = sourcecode.c.objc; path = SNSSensTyped_asIs.m; sourceTree = "<group>"; };
		487AFEDC19FB0193005821D4 /* SNSSensImpl.h */ = {isa = PBXFileReference; fileEncoding = 4; lastKnownFileType = sourcecode.c.h; path = SNSSensImpl.h; sourceTree = "<group>"; };
		487AFEDD19FB0193005821D4 /* SNSSensImpl.m */ = {isa = PBXFileReference; fileEncoding = 4; lastKnownFileType = sourcecode.c.objc; path = SNSSensImpl.m; sourceTree = "<group>"; };
		487AFEDF19FB035E005821D4 /* SNSSensTyped_asInteger.h */ = {isa = PBXFileReference; fileEncoding = 4; lastKnownFileType = sourcecode.c.h; path = SNSSensTyped_asInteger.h; sourceTree = "<group>"; };
		487AFEE019FB035E005821D4 /* SNSSensTyped_asInteger.m */ = {isa = PBXFileReference; fileEncoding = 4; lastKnownFileType = sourcecode.c.objc; path = SNSSensTyped_asInteger.m; sourceTree = "<group>"; };
		487AFEE219FB0372005821D4 /* SNSSensTyped_asFloat.h */ = {isa = PBXFileReference; fileEncoding = 4; lastKnownFileType = sourcecode.c.h; path = SNSSensTyped_asFloat.h; sourceTree = "<group>"; };
		487AFEE319FB0372005821D4 /* SNSSensTyped_asFloat.m */ = {isa = PBXFileReference; fileEncoding = 4; lastKnownFileType = sourcecode.c.objc; path = SNSSensTyped_asFloat.m; sourceTree = "<group>"; };
		487AFEE519FB037B005821D4 /* SNSSensTyped_asBool.h */ = {isa = PBXFileReference; fileEncoding = 4; lastKnownFileType = sourcecode.c.h; path = SNSSensTyped_asBool.h; sourceTree = "<group>"; };
		487AFEE619FB037B005821D4 /* SNSSensTyped_asBool.m */ = {isa = PBXFileReference; fileEncoding = 4; lastKnownFileType = sourcecode.c.objc; path = SNSSensTyped_asBool.m; sourceTree = "<group>"; };
		487AFEE819FB0386005821D4 /* SNSSensTyped_asString.h */ = {isa = PBXFileReference; fileEncoding = 4; lastKnownFileType = sourcecode.c.h; path = SNSSensTyped_asString.h; sourceTree = "<group>"; };
		487AFEE919FB0386005821D4 /* SNSSensTyped_asString.m */ = {isa = PBXFileReference; fileEncoding = 4; lastKnownFileType = sourcecode.c.objc; path = SNSSensTyped_asString.m; sourceTree = "<group>"; };
		487AFEEB19FB0390005821D4 /* SNSSensTyped_asDate.h */ = {isa = PBXFileReference; fileEncoding = 4; lastKnownFileType = sourcecode.c.h; path = SNSSensTyped_asDate.h; sourceTree = "<group>"; };
		487AFEEC19FB0390005821D4 /* SNSSensTyped_asDate.m */ = {isa = PBXFileReference; fileEncoding = 4; lastKnownFileType = sourcecode.c.objc; path = SNSSensTyped_asDate.m; sourceTree = "<group>"; };
		487AFEEE19FB039B005821D4 /* SNSSensTyped_asArray.h */ = {isa = PBXFileReference; fileEncoding = 4; lastKnownFileType = sourcecode.c.h; path = SNSSensTyped_asArray.h; sourceTree = "<group>"; };
		487AFEEF19FB039B005821D4 /* SNSSensTyped_asArray.m */ = {isa = PBXFileReference; fileEncoding = 4; lastKnownFileType = sourcecode.c.objc; path = SNSSensTyped_asArray.m; sourceTree = "<group>"; };
		487AFEF119FB03A7005821D4 /* SNSSensTyped_asDictionary.h */ = {isa = PBXFileReference; fileEncoding = 4; lastKnownFileType = sourcecode.c.h; path = SNSSensTyped_asDictionary.h; sourceTree = "<group>"; };
		487AFEF219FB03A7005821D4 /* SNSSensTyped_asDictionary.m */ = {isa = PBXFileReference; fileEncoding = 4; lastKnownFileType = sourcecode.c.objc; path = SNSSensTyped_asDictionary.m; sourceTree = "<group>"; };
		487AFEF519FB17B3005821D4 /* Sensus.podspec */ = {isa = PBXFileReference; fileEncoding = 4; lastKnownFileType = text; path = Sensus.podspec; sourceTree = "<group>"; };
/* End PBXFileReference section */

/* Begin PBXFrameworksBuildPhase section */
		487AFEA819FAD79F005821D4 /* Frameworks */ = {
			isa = PBXFrameworksBuildPhase;
			buildActionMask = 2147483647;
			files = (
			);
			runOnlyForDeploymentPostprocessing = 0;
		};
		487AFEB319FAD79F005821D4 /* Frameworks */ = {
			isa = PBXFrameworksBuildPhase;
			buildActionMask = 2147483647;
			files = (
				487AFEB719FAD79F005821D4 /* libSensus.a in Frameworks */,
			);
			runOnlyForDeploymentPostprocessing = 0;
		};
/* End PBXFrameworksBuildPhase section */

/* Begin PBXGroup section */
		487AFEA219FAD79F005821D4 = {
			isa = PBXGroup;
			children = (
				487AFEF519FB17B3005821D4 /* Sensus.podspec */,
				487AFED719FAE047005821D4 /* Sensus.h */,
				487AFEF419FB144D005821D4 /* Core */,
				487AFED819FB002B005821D4 /* Mappers */,
				487AFEBA19FAD79F005821D4 /* SensusTests */,
				487AFEAC19FAD79F005821D4 /* Products */,
			);
			sourceTree = "<group>";
		};
		487AFEAC19FAD79F005821D4 /* Products */ = {
			isa = PBXGroup;
			children = (
				487AFEAB19FAD79F005821D4 /* libSensus.a */,
				487AFEB619FAD79F005821D4 /* SensusTests.xctest */,
			);
			name = Products;
			sourceTree = "<group>";
		};
		487AFEBA19FAD79F005821D4 /* SensusTests */ = {
			isa = PBXGroup;
			children = (
				487AFEBB19FAD79F005821D4 /* Supporting Files */,
			);
			path = SensusTests;
			sourceTree = "<group>";
		};
		487AFEBB19FAD79F005821D4 /* Supporting Files */ = {
			isa = PBXGroup;
			children = (
				487AFEBC19FAD79F005821D4 /* Info.plist */,
			);
			name = "Supporting Files";
			sourceTree = "<group>";
		};
		487AFED819FB002B005821D4 /* Mappers */ = {
			isa = PBXGroup;
			children = (
				487AFED919FB0057005821D4 /* SNSSensTyped_asIs.h */,
				487AFEDA19FB0057005821D4 /* SNSSensTyped_asIs.m */,
				487AFEDF19FB035E005821D4 /* SNSSensTyped_asInteger.h */,
				487AFEE019FB035E005821D4 /* SNSSensTyped_asInteger.m */,
				487AFEE219FB0372005821D4 /* SNSSensTyped_asFloat.h */,
				487AFEE319FB0372005821D4 /* SNSSensTyped_asFloat.m */,
				487AFEE519FB037B005821D4 /* SNSSensTyped_asBool.h */,
				487AFEE619FB037B005821D4 /* SNSSensTyped_asBool.m */,
				487AFEE819FB0386005821D4 /* SNSSensTyped_asString.h */,
				487AFEE919FB0386005821D4 /* SNSSensTyped_asString.m */,
				487AFEEB19FB0390005821D4 /* SNSSensTyped_asDate.h */,
				487AFEEC19FB0390005821D4 /* SNSSensTyped_asDate.m */,
				487AFEEE19FB039B005821D4 /* SNSSensTyped_asArray.h */,
				487AFEEF19FB039B005821D4 /* SNSSensTyped_asArray.m */,
				487AFEF119FB03A7005821D4 /* SNSSensTyped_asDictionary.h */,
				487AFEF219FB03A7005821D4 /* SNSSensTyped_asDictionary.m */,
			);
			name = Mappers;
			path = Sensus/Mappers;
			sourceTree = "<group>";
		};
		487AFEF419FB144D005821D4 /* Core */ = {
			isa = PBXGroup;
			children = (
				487AFEC819FAD82A005821D4 /* NSDictionary+Sensus.h */,
				487AFEC919FAD82A005821D4 /* NSDictionary+Sensus.m */,
				487AFECE19FADA04005821D4 /* SNSRoot.h */,
				487AFECF19FADA04005821D4 /* SNSRoot.m */,
				487AFECB19FAD8C9005821D4 /* SNSSens.h */,
				487AFEDC19FB0193005821D4 /* SNSSensImpl.h */,
				487AFEDD19FB0193005821D4 /* SNSSensImpl.m */,
			);
			name = Core;
			path = Sensus/Core;
			sourceTree = "<group>";
		};
/* End PBXGroup section */

/* Begin PBXNativeTarget section */
		487AFEAA19FAD79F005821D4 /* Sensus */ = {
			isa = PBXNativeTarget;
			buildConfigurationList = 487AFEBF19FAD79F005821D4 /* Build configuration list for PBXNativeTarget "Sensus" */;
			buildPhases = (
				487AFEA719FAD79F005821D4 /* Sources */,
				487AFEA819FAD79F005821D4 /* Frameworks */,
				487AFEA919FAD79F005821D4 /* CopyFiles */,
			);
			buildRules = (
			);
			dependencies = (
			);
			name = Sensus;
			productName = Sensus;
			productReference = 487AFEAB19FAD79F005821D4 /* libSensus.a */;
			productType = "com.apple.product-type.library.static";
		};
		487AFEB519FAD79F005821D4 /* SensusTests */ = {
			isa = PBXNativeTarget;
			buildConfigurationList = 487AFEC219FAD79F005821D4 /* Build configuration list for PBXNativeTarget "SensusTests" */;
			buildPhases = (
				487AFEB219FAD79F005821D4 /* Sources */,
				487AFEB319FAD79F005821D4 /* Frameworks */,
				487AFEB419FAD79F005821D4 /* Resources */,
			);
			buildRules = (
			);
			dependencies = (
				487AFEB919FAD79F005821D4 /* PBXTargetDependency */,
			);
			name = SensusTests;
			productName = SensusTests;
			productReference = 487AFEB619FAD79F005821D4 /* SensusTests.xctest */;
			productType = "com.apple.product-type.bundle.unit-test";
		};
/* End PBXNativeTarget section */

/* Begin PBXProject section */
		487AFEA319FAD79F005821D4 /* Project object */ = {
			isa = PBXProject;
			attributes = {
				LastUpgradeCheck = 0610;
				ORGANIZATIONNAME = DAloG;
				TargetAttributes = {
					487AFEAA19FAD79F005821D4 = {
						CreatedOnToolsVersion = 6.1;
					};
					487AFEB519FAD79F005821D4 = {
						CreatedOnToolsVersion = 6.1;
					};
				};
			};
			buildConfigurationList = 487AFEA619FAD79F005821D4 /* Build configuration list for PBXProject "Sensus" */;
			compatibilityVersion = "Xcode 3.2";
			developmentRegion = English;
			hasScannedForEncodings = 0;
			knownRegions = (
				en,
			);
			mainGroup = 487AFEA219FAD79F005821D4;
			productRefGroup = 487AFEAC19FAD79F005821D4 /* Products */;
			projectDirPath = "";
			projectRoot = "";
			targets = (
				487AFEAA19FAD79F005821D4 /* Sensus */,
				487AFEB519FAD79F005821D4 /* SensusTests */,
			);
		};
/* End PBXProject section */

/* Begin PBXResourcesBuildPhase section */
		487AFEB419FAD79F005821D4 /* Resources */ = {
			isa = PBXResourcesBuildPhase;
			buildActionMask = 2147483647;
			files = (
			);
			runOnlyForDeploymentPostprocessing = 0;
		};
/* End PBXResourcesBuildPhase section */

/* Begin PBXSourcesBuildPhase section */
		487AFEA719FAD79F005821D4 /* Sources */ = {
			isa = PBXSourcesBuildPhase;
			buildActionMask = 2147483647;
			files = (
				487AFEDB19FB0057005821D4 /* SNSSensTyped_asIs.m in Sources */,
				487AFEDE19FB0193005821D4 /* SNSSensImpl.m in Sources */,
				487AFED019FADA04005821D4 /* SNSRoot.m in Sources */,
				487AFEEA19FB0386005821D4 /* SNSSensTyped_asString.m in Sources */,
				487AFEE719FB037B005821D4 /* SNSSensTyped_asBool.m in Sources */,
				487AFEE419FB0372005821D4 /* SNSSensTyped_asFloat.m in Sources */,
				487AFEF319FB03A7005821D4 /* SNSSensTyped_asDictionary.m in Sources */,
				487AFEE119FB035E005821D4 /* SNSSensTyped_asInteger.m in Sources */,
				487AFECA19FAD82A005821D4 /* NSDictionary+Sensus.m in Sources */,
				487AFEF019FB039B005821D4 /* SNSSensTyped_asArray.m in Sources */,
				487AFEED19FB0390005821D4 /* SNSSensTyped_asDate.m in Sources */,
			);
			runOnlyForDeploymentPostprocessing = 0;
		};
		487AFEB219FAD79F005821D4 /* Sources */ = {
			isa = PBXSourcesBuildPhase;
			buildActionMask = 2147483647;
			files = (
			);
			runOnlyForDeploymentPostprocessing = 0;
		};
/* End PBXSourcesBuildPhase section */

/* Begin PBXTargetDependency section */
		487AFEB919FAD79F005821D4 /* PBXTargetDependency */ = {
			isa = PBXTargetDependency;
			target = 487AFEAA19FAD79F005821D4 /* Sensus */;
			targetProxy = 487AFEB819FAD79F005821D4 /* PBXContainerItemProxy */;
		};
/* End PBXTargetDependency section */

/* Begin XCBuildConfiguration section */
		487AFEBD19FAD79F005821D4 /* Debug */ = {
			isa = XCBuildConfiguration;
			buildSettings = {
				ALWAYS_SEARCH_USER_PATHS = NO;
				CLANG_CXX_LANGUAGE_STANDARD = "gnu++0x";
				CLANG_CXX_LIBRARY = "libc++";
				CLANG_ENABLE_MODULES = YES;
				CLANG_ENABLE_OBJC_ARC = YES;
				CLANG_WARN_BOOL_CONVERSION = YES;
				CLANG_WARN_CONSTANT_CONVERSION = YES;
				CLANG_WARN_DIRECT_OBJC_ISA_USAGE = YES_ERROR;
				CLANG_WARN_EMPTY_BODY = YES;
				CLANG_WARN_ENUM_CONVERSION = YES;
				CLANG_WARN_INT_CONVERSION = YES;
				CLANG_WARN_OBJC_ROOT_CLASS = YES_ERROR;
				CLANG_WARN_UNREACHABLE_CODE = YES;
				CLANG_WARN__DUPLICATE_METHOD_MATCH = YES;
				COPY_PHASE_STRIP = NO;
				ENABLE_STRICT_OBJC_MSGSEND = YES;
				GCC_C_LANGUAGE_STANDARD = gnu99;
				GCC_DYNAMIC_NO_PIC = NO;
				GCC_OPTIMIZATION_LEVEL = 0;
				GCC_PREPROCESSOR_DEFINITIONS = (
					"DEBUG=1",
					"$(inherited)",
				);
				GCC_SYMBOLS_PRIVATE_EXTERN = NO;
				GCC_WARN_64_TO_32_BIT_CONVERSION = YES;
				GCC_WARN_ABOUT_RETURN_TYPE = YES_ERROR;
				GCC_WARN_UNDECLARED_SELECTOR = YES;
				GCC_WARN_UNINITIALIZED_AUTOS = YES_AGGRESSIVE;
				GCC_WARN_UNUSED_FUNCTION = YES;
				GCC_WARN_UNUSED_VARIABLE = YES;
				IPHONEOS_DEPLOYMENT_TARGET = 8.1;
				MTL_ENABLE_DEBUG_INFO = YES;
				ONLY_ACTIVE_ARCH = YES;
				SDKROOT = iphoneos;
			};
			name = Debug;
		};
		487AFEBE19FAD79F005821D4 /* Release */ = {
			isa = XCBuildConfiguration;
			buildSettings = {
				ALWAYS_SEARCH_USER_PATHS = NO;
				CLANG_CXX_LANGUAGE_STANDARD = "gnu++0x";
				CLANG_CXX_LIBRARY = "libc++";
				CLANG_ENABLE_MODULES = YES;
				CLANG_ENABLE_OBJC_ARC = YES;
				CLANG_WARN_BOOL_CONVERSION = YES;
				CLANG_WARN_CONSTANT_CONVERSION = YES;
				CLANG_WARN_DIRECT_OBJC_ISA_USAGE = YES_ERROR;
				CLANG_WARN_EMPTY_BODY = YES;
				CLANG_WARN_ENUM_CONVERSION = YES;
				CLANG_WARN_INT_CONVERSION = YES;
				CLANG_WARN_OBJC_ROOT_CLASS = YES_ERROR;
				CLANG_WARN_UNREACHABLE_CODE = YES;
				CLANG_WARN__DUPLICATE_METHOD_MATCH = YES;
				COPY_PHASE_STRIP = YES;
				ENABLE_NS_ASSERTIONS = NO;
				ENABLE_STRICT_OBJC_MSGSEND = YES;
				GCC_C_LANGUAGE_STANDARD = gnu99;
				GCC_WARN_64_TO_32_BIT_CONVERSION = YES;
				GCC_WARN_ABOUT_RETURN_TYPE = YES_ERROR;
				GCC_WARN_UNDECLARED_SELECTOR = YES;
				GCC_WARN_UNINITIALIZED_AUTOS = YES_AGGRESSIVE;
				GCC_WARN_UNUSED_FUNCTION = YES;
				GCC_WARN_UNUSED_VARIABLE = YES;
				IPHONEOS_DEPLOYMENT_TARGET = 8.1;
				MTL_ENABLE_DEBUG_INFO = NO;
				SDKROOT = iphoneos;
				VALIDATE_PRODUCT = YES;
			};
			name = Release;
		};
		487AFEC019FAD79F005821D4 /* Debug */ = {
			isa = XCBuildConfiguration;
			buildSettings = {
				CLANG_WARN_OBJC_ROOT_CLASS = YES_ERROR;
				OTHER_LDFLAGS = "-ObjC";
				PRODUCT_NAME = "$(TARGET_NAME)";
				SKIP_INSTALL = YES;
			};
			name = Debug;
		};
		487AFEC119FAD79F005821D4 /* Release */ = {
			isa = XCBuildConfiguration;
			buildSettings = {
				CLANG_WARN_OBJC_ROOT_CLASS = YES_ERROR;
				OTHER_LDFLAGS = "-ObjC";
				PRODUCT_NAME = "$(TARGET_NAME)";
				SKIP_INSTALL = YES;
			};
			name = Release;
		};
		487AFEC319FAD79F005821D4 /* Debug */ = {
			isa = XCBuildConfiguration;
			buildSettings = {
				FRAMEWORK_SEARCH_PATHS = (
					"$(SDKROOT)/Developer/Library/Frameworks",
					"$(inherited)",
				);
				GCC_PREPROCESSOR_DEFINITIONS = (
					"DEBUG=1",
					"$(inherited)",
				);
				INFOPLIST_FILE = SensusTests/Info.plist;
				LD_RUNPATH_SEARCH_PATHS = "$(inherited) @executable_path/Frameworks @loader_path/Frameworks";
				PRODUCT_NAME = "$(TARGET_NAME)";
			};
			name = Debug;
		};
		487AFEC419FAD79F005821D4 /* Release */ = {
			isa = XCBuildConfiguration;
			buildSettings = {
				FRAMEWORK_SEARCH_PATHS = (
					"$(SDKROOT)/Developer/Library/Frameworks",
					"$(inherited)",
				);
				INFOPLIST_FILE = SensusTests/Info.plist;
				LD_RUNPATH_SEARCH_PATHS = "$(inherited) @executable_path/Frameworks @loader_path/Frameworks";
				PRODUCT_NAME = "$(TARGET_NAME)";
			};
			name = Release;
		};
/* End XCBuildConfiguration section */

/* Begin XCConfigurationList section */
		487AFEA619FAD79F005821D4 /* Build configuration list for PBXProject "Sensus" */ = {
			isa = XCConfigurationList;
			buildConfigurations = (
				487AFEBD19FAD79F005821D4 /* Debug */,
				487AFEBE19FAD79F005821D4 /* Release */,
			);
			defaultConfigurationIsVisible = 0;
			defaultConfigurationName = Release;
		};
		487AFEBF19FAD79F005821D4 /* Build configuration list for PBXNativeTarget "Sensus" */ = {
			isa = XCConfigurationList;
			buildConfigurations = (
				487AFEC019FAD79F005821D4 /* Debug */,
				487AFEC119FAD79F005821D4 /* Release */,
			);
			defaultConfigurationIsVisible = 0;
		};
		487AFEC219FAD79F005821D4 /* Build configuration list for PBXNativeTarget "SensusTests" */ = {
			isa = XCConfigurationList;
			buildConfigurations = (
				487AFEC319FAD79F005821D4 /* Debug */,
				487AFEC419FAD79F005821D4 /* Release */,
			);
			defaultConfigurationIsVisible = 0;
		};
/* End XCConfigurationList section */
	};
	rootObject = 487AFEA319FAD79F005821D4 /* Project object */;
}
